PODS:
  - FlutterMacOS (1.0.0)
  - torex_local_store (0.1.0):
    - FlutterMacOS

DEPENDENCIES:
  - FlutterMacOS (from `Flutter/ephemeral`)
  - torex_local_store (from `Flutter/ephemeral/.symlinks/plugins/torex_local_store/macos`)

EXTERNAL SOURCES:
  FlutterMacOS:
    :path: Flutter/ephemeral
  torex_local_store:
    :path: Flutter/ephemeral/.symlinks/plugins/torex_local_store/macos

SPEC CHECKSUMS:
  FlutterMacOS: d0db08ddef1a9af05a5ec4b724367152bb0500b1
  torex_local_store: e4a3e2789b225f83b39bdaa67b0e1f124f7763b6

PODFILE CHECKSUM: 54d867c82ac51cbd61b565781b9fada492027009

COCOAPODS: 1.16.2
