PODS:
  - Flutter (1.0.0)
  - torex_local_store (0.1.0):
    - Flutter

DEPENDENCIES:
  - Flutter (from `Flutter`)
  - torex_local_store (from `.symlinks/plugins/torex_local_store/ios`)

EXTERNAL SOURCES:
  Flutter:
    :path: Flutter
  torex_local_store:
    :path: ".symlinks/plugins/torex_local_store/ios"

SPEC CHECKSUMS:
  Flutter: cabc95a1d2626b1b06e7179b784ebcf0c0cde467
  torex_local_store: c10db859f4b0390d0eacc567cf659cbdc42e8620

PODFILE CHECKSUM: e1796601fda8e9c78e1932719cca047816e47908

COCOAPODS: 1.16.2
